
Microsoft Visual Studio Solution File, Format Version 12.00
# Visual Studio Version 17
VisualStudioVersion = 17.12.35309.182
MinimumVisualStudioVersion = 10.0.40219.1
Project("{FAE04EC0-301F-11D3-BF4B-00C04F79EFBC}") = "StoreTask", "StoreTask\StoreTask.csproj", "{348FCC0D-2743-461C-8730-1343A32944B8}"
EndProject
Global
	GlobalSection(SolutionConfigurationPlatforms) = preSolution
		Debug|Any CPU = Debug|Any CPU
		Release|Any CPU = Release|Any CPU
	EndGlobalSection
	GlobalSection(ProjectConfigurationPlatforms) = postSolution
		{348FCC0D-2743-461C-8730-1343A32944B8}.Debug|Any CPU.ActiveCfg = Debug|Any CPU
		{348FCC0D-2743-461C-8730-1343A32944B8}.Debug|Any CPU.Build.0 = Debug|Any CPU
		{348FCC0D-2743-461C-8730-1343A32944B8}.Release|Any CPU.ActiveCfg = Release|Any CPU
		{348FCC0D-2743-461C-8730-1343A32944B8}.Release|Any CPU.Build.0 = Release|Any CPU
	EndGlobalSection
	GlobalSection(SolutionProperties) = preSolution
		HideSolutionNode = FALSE
	EndGlobalSection
	GlobalSection(ExtensibilityGlobals) = postSolution
		SolutionGuid = {414A5F56-6451-4C50-ACBC-E032F813AB89}
	EndGlobalSection
EndGlobal
